
Microsoft Visual Studio Solution File, Format Version 12.00
# Visual Studio 15
VisualStudioVersion = 15.0.28307.329
MinimumVisualStudioVersion = 10.0.40219.1
Project("{FAE04EC0-301F-11D3-BF4B-00C04F79EFBC}") = "Range", "Range\Range.csproj", "{45A0AFE6-2252-4452-B52E-D09CED6E76FE}"
EndProject
Project("{FAE04EC0-301F-11D3-BF4B-00C04F79EFBC}") = "Shape", "Shape\Shape.csproj", "{802D9237-086C-4395-9B1C-28E7DE7A5F52}"
EndProject
Project("{FAE04EC0-301F-11D3-BF4B-00C04F79EFBC}") = "VectorTask", "Vector\VectorTask.csproj", "{18CFA62A-29AB-44A1-8E7C-52F4B0DAF67C}"
EndProject
Project("{FAE04EC0-301F-11D3-BF4B-00C04F79EFBC}") = "Matrix", "Matrix\Matrix.csproj", "{E5E73744-E570-4D0C-A1CF-9A9056D34F33}"
EndProject
Global
	GlobalSection(SolutionConfigurationPlatforms) = preSolution
		Debug|Any CPU = Debug|Any CPU
		Release|Any CPU = Release|Any CPU
	EndGlobalSection
	GlobalSection(ProjectConfigurationPlatforms) = postSolution
		{45A0AFE6-2252-4452-B52E-D09CED6E76FE}.Debug|Any CPU.ActiveCfg = Debug|Any CPU
		{45A0AFE6-2252-4452-B52E-D09CED6E76FE}.Debug|Any CPU.Build.0 = Debug|Any CPU
		{45A0AFE6-2252-4452-B52E-D09CED6E76FE}.Release|Any CPU.ActiveCfg = Release|Any CPU
		{45A0AFE6-2252-4452-B52E-D09CED6E76FE}.Release|Any CPU.Build.0 = Release|Any CPU
		{802D9237-086C-4395-9B1C-28E7DE7A5F52}.Debug|Any CPU.ActiveCfg = Debug|Any CPU
		{802D9237-086C-4395-9B1C-28E7DE7A5F52}.Debug|Any CPU.Build.0 = Debug|Any CPU
		{802D9237-086C-4395-9B1C-28E7DE7A5F52}.Release|Any CPU.ActiveCfg = Release|Any CPU
		{802D9237-086C-4395-9B1C-28E7DE7A5F52}.Release|Any CPU.Build.0 = Release|Any CPU
		{18CFA62A-29AB-44A1-8E7C-52F4B0DAF67C}.Debug|Any CPU.ActiveCfg = Debug|Any CPU
		{18CFA62A-29AB-44A1-8E7C-52F4B0DAF67C}.Debug|Any CPU.Build.0 = Debug|Any CPU
		{18CFA62A-29AB-44A1-8E7C-52F4B0DAF67C}.Release|Any CPU.ActiveCfg = Release|Any CPU
		{18CFA62A-29AB-44A1-8E7C-52F4B0DAF67C}.Release|Any CPU.Build.0 = Release|Any CPU
		{E5E73744-E570-4D0C-A1CF-9A9056D34F33}.Debug|Any CPU.ActiveCfg = Debug|Any CPU
		{E5E73744-E570-4D0C-A1CF-9A9056D34F33}.Debug|Any CPU.Build.0 = Debug|Any CPU
		{E5E73744-E570-4D0C-A1CF-9A9056D34F33}.Release|Any CPU.ActiveCfg = Release|Any CPU
		{E5E73744-E570-4D0C-A1CF-9A9056D34F33}.Release|Any CPU.Build.0 = Release|Any CPU
	EndGlobalSection
	GlobalSection(SolutionProperties) = preSolution
		HideSolutionNode = FALSE
	EndGlobalSection
	GlobalSection(ExtensibilityGlobals) = postSolution
		SolutionGuid = {C3454FBB-E9D1-42BA-9DD8-4697DD5D148C}
	EndGlobalSection
EndGlobal
