
Microsoft Visual Studio Solution File, Format Version 12.00
# Visual Studio 15
VisualStudioVersion = 15.0.28307.329
MinimumVisualStudioVersion = 10.0.40219.1
Project("{FAE04EC0-301F-11D3-BF4B-00C04F79EFBC}") = "Range", "Range\Range.csproj", "{45A0AFE6-2252-4452-B52E-D09CED6E76FE}"
EndProject
Project("{FAE04EC0-301F-11D3-BF4B-00C04F79EFBC}") = "Shape", "Shape\Shape.csproj", "{802D9237-086C-4395-9B1C-28E7DE7A5F52}"
EndProject
Project("{FAE04EC0-301F-11D3-BF4B-00C04F79EFBC}") = "VectorTask", "Vector\VectorTask.csproj", "{18CFA62A-29AB-44A1-8E7C-52F4B0DAF67C}"
EndProject
Project("{FAE04EC0-301F-11D3-BF4B-00C04F79EFBC}") = "Matrix", "Matrix\Matrix.csproj", "{E5E73744-E570-4D0C-A1CF-9A9056D34F33}"
EndProject
Project("{FAE04EC0-301F-11D3-BF4B-00C04F79EFBC}") = "CSVTask", "CSVTask\CSVTask.csproj", "{FF777472-1717-457B-872D-D3E398EFCCAA}"
EndProject
Project("{FAE04EC0-301F-11D3-BF4B-00C04F79EFBC}") = "ArrayListHome", "ArrayListHome\ArrayListHome.csproj", "{8E4D4575-3F26-4EBC-81B1-5EFDF876B0C4}"
EndProject
Project("{FAE04EC0-301F-11D3-BF4B-00C04F79EFBC}") = "ListTask", "ListTask\ListTask.csproj", "{02386698-ABBD-4D41-9814-F8BA7C6677DA}"
EndProject
Project("{FAE04EC0-301F-11D3-BF4B-00C04F79EFBC}") = "ArrayListTask", "ArrayListTask\ArrayListTask.csproj", "{2786BD81-3F64-4727-9ADA-2639EB227F73}"
EndProject
Project("{FAE04EC0-301F-11D3-BF4B-00C04F79EFBC}") = "HashTableTask", "HashTableTask\HashTableTask.csproj", "{37FCDBB1-0A19-48FA-97EE-CAF107295EDD}"
EndProject
Project("{FAE04EC0-301F-11D3-BF4B-00C04F79EFBC}") = "TreeTask", "TreeTask\TreeTask.csproj", "{3EFD20C3-4500-4CC9-B231-86739794777A}"
EndProject
Project("{FAE04EC0-301F-11D3-BF4B-00C04F79EFBC}") = "LambdaTask", "LambdaTask\LambdaTask.csproj", "{C90E8EAF-FBE9-4569-8E1B-3EE3D0C91FFE}"
EndProject
Project("{FAE04EC0-301F-11D3-BF4B-00C04F79EFBC}") = "InfinityStream", "InfinityStream\InfinityStream.csproj", "{F3489EE6-FB1A-4741-80EA-FC1268879C5F}"
EndProject
Project("{FAE04EC0-301F-11D3-BF4B-00C04F79EFBC}") = "GraphTask", "GraphTask\GraphTask.csproj", "{13DEDB16-D953-4CD0-BAAD-0D0BA1E5773F}"
EndProject
Project("{2150E333-8FDC-42A3-9474-1A3956D46DE8}") = "TemperatureTask", "TemperatureTask", "{19840DC0-5801-48A9-B556-8763CE22CE0C}"
EndProject
Project("{FAE04EC0-301F-11D3-BF4B-00C04F79EFBC}") = "TemperatureConverterApplication", "TemperatureConverterApplication\TemperatureConverterApplication.csproj", "{64152B43-6B4B-4325-9BA8-78BB433D85CB}"
EndProject
Project("{FAE04EC0-301F-11D3-BF4B-00C04F79EFBC}") = "Model", "Model\Model.csproj", "{013DD9E3-CB2A-44E3-AEFE-15E3A606815E}"
EndProject
Project("{FAE04EC0-301F-11D3-BF4B-00C04F79EFBC}") = "View", "View\View.csproj", "{5BF7CDCA-0B72-455F-B1DA-9B5B9B96BA0D}"
EndProject
Project("{FAE04EC0-301F-11D3-BF4B-00C04F79EFBC}") = "Presenter", "Presenter\Presenter.csproj", "{246DCD31-6BD9-40D3-BF80-B5DDE6373F4F}"
EndProject
Project("{FAE04EC0-301F-11D3-BF4B-00C04F79EFBC}") = "Interface", "Interface\Interface.csproj", "{0DD9D54F-479B-4EEE-BBA7-DE02E4F05158}"
EndProject
Project("{2150E333-8FDC-42A3-9474-1A3956D46DE8}") = "MineSweeper", "MineSweeper", "{2B6F54DD-F38B-4195-9E38-F146F395F9A7}"
EndProject
Project("{2150E333-8FDC-42A3-9474-1A3956D46DE8}") = "Logic", "Logic", "{C83B513C-7D81-445A-9A1B-FAEBE62701C4}"
EndProject
Project("{2150E333-8FDC-42A3-9474-1A3956D46DE8}") = "Gui", "Gui", "{1B6B6E6A-C867-416C-9892-144E7E1B2676}"
EndProject
Project("{FAE04EC0-301F-11D3-BF4B-00C04F79EFBC}") = "ModelGame", "ModelGame\ModelGame.csproj", "{0986C7C1-CC61-4933-9D14-FA1BD02722FD}"
EndProject
Project("{FAE04EC0-301F-11D3-BF4B-00C04F79EFBC}") = "PresenterGame", "PresenterMineSweeper\PresenterGame.csproj", "{42957FAA-59BF-43A3-BC88-12B5FB73A40F}"
EndProject
Project("{FAE04EC0-301F-11D3-BF4B-00C04F79EFBC}") = "MineSweeperApplicationConsole", "MineSweeperApplication\MineSweeperApplicationConsole.csproj", "{123499A7-B709-47E2-8D93-6D05F2DA0EE1}"
EndProject
Project("{FAE04EC0-301F-11D3-BF4B-00C04F79EFBC}") = "GuiView", "GuiView\GuiView.csproj", "{B27AE50B-E42A-490E-9F31-B814077016A4}"
EndProject
Project("{FAE04EC0-301F-11D3-BF4B-00C04F79EFBC}") = "ViewInterface", "ViewInterface\ViewInterface.csproj", "{B7C21EC7-79F9-4E82-8530-0ECE5472AFA2}"
EndProject
Project("{FAE04EC0-301F-11D3-BF4B-00C04F79EFBC}") = "MineSweeperApplicationGUI", "MineSweeperApplicationGUI\MineSweeperApplicationGUI.csproj", "{106E9984-C5A4-4B82-8703-BA45EB578593}"
EndProject
Project("{2150E333-8FDC-42A3-9474-1A3956D46DE8}") = "TextUI", "TextUI", "{D681B98D-21AC-413A-9719-5E89537CBBFF}"
EndProject
Project("{FAE04EC0-301F-11D3-BF4B-00C04F79EFBC}") = "TextUiView", "TextUiView\TextUiView.csproj", "{0E87A8F6-E3C8-4829-A83D-B48F08636063}"
EndProject
Global
	GlobalSection(SolutionConfigurationPlatforms) = preSolution
		Debug|Any CPU = Debug|Any CPU
		Release|Any CPU = Release|Any CPU
	EndGlobalSection
	GlobalSection(ProjectConfigurationPlatforms) = postSolution
		{45A0AFE6-2252-4452-B52E-D09CED6E76FE}.Debug|Any CPU.ActiveCfg = Debug|Any CPU
		{45A0AFE6-2252-4452-B52E-D09CED6E76FE}.Debug|Any CPU.Build.0 = Debug|Any CPU
		{45A0AFE6-2252-4452-B52E-D09CED6E76FE}.Release|Any CPU.ActiveCfg = Release|Any CPU
		{45A0AFE6-2252-4452-B52E-D09CED6E76FE}.Release|Any CPU.Build.0 = Release|Any CPU
		{802D9237-086C-4395-9B1C-28E7DE7A5F52}.Debug|Any CPU.ActiveCfg = Debug|Any CPU
		{802D9237-086C-4395-9B1C-28E7DE7A5F52}.Debug|Any CPU.Build.0 = Debug|Any CPU
		{802D9237-086C-4395-9B1C-28E7DE7A5F52}.Release|Any CPU.ActiveCfg = Release|Any CPU
		{802D9237-086C-4395-9B1C-28E7DE7A5F52}.Release|Any CPU.Build.0 = Release|Any CPU
		{18CFA62A-29AB-44A1-8E7C-52F4B0DAF67C}.Debug|Any CPU.ActiveCfg = Debug|Any CPU
		{18CFA62A-29AB-44A1-8E7C-52F4B0DAF67C}.Debug|Any CPU.Build.0 = Debug|Any CPU
		{18CFA62A-29AB-44A1-8E7C-52F4B0DAF67C}.Release|Any CPU.ActiveCfg = Release|Any CPU
		{18CFA62A-29AB-44A1-8E7C-52F4B0DAF67C}.Release|Any CPU.Build.0 = Release|Any CPU
		{E5E73744-E570-4D0C-A1CF-9A9056D34F33}.Debug|Any CPU.ActiveCfg = Debug|Any CPU
		{E5E73744-E570-4D0C-A1CF-9A9056D34F33}.Debug|Any CPU.Build.0 = Debug|Any CPU
		{E5E73744-E570-4D0C-A1CF-9A9056D34F33}.Release|Any CPU.ActiveCfg = Release|Any CPU
		{E5E73744-E570-4D0C-A1CF-9A9056D34F33}.Release|Any CPU.Build.0 = Release|Any CPU
		{FF777472-1717-457B-872D-D3E398EFCCAA}.Debug|Any CPU.ActiveCfg = Debug|Any CPU
		{FF777472-1717-457B-872D-D3E398EFCCAA}.Debug|Any CPU.Build.0 = Debug|Any CPU
		{FF777472-1717-457B-872D-D3E398EFCCAA}.Release|Any CPU.ActiveCfg = Release|Any CPU
		{FF777472-1717-457B-872D-D3E398EFCCAA}.Release|Any CPU.Build.0 = Release|Any CPU
		{8E4D4575-3F26-4EBC-81B1-5EFDF876B0C4}.Debug|Any CPU.ActiveCfg = Debug|Any CPU
		{8E4D4575-3F26-4EBC-81B1-5EFDF876B0C4}.Debug|Any CPU.Build.0 = Debug|Any CPU
		{8E4D4575-3F26-4EBC-81B1-5EFDF876B0C4}.Release|Any CPU.ActiveCfg = Release|Any CPU
		{8E4D4575-3F26-4EBC-81B1-5EFDF876B0C4}.Release|Any CPU.Build.0 = Release|Any CPU
		{02386698-ABBD-4D41-9814-F8BA7C6677DA}.Debug|Any CPU.ActiveCfg = Debug|Any CPU
		{02386698-ABBD-4D41-9814-F8BA7C6677DA}.Debug|Any CPU.Build.0 = Debug|Any CPU
		{02386698-ABBD-4D41-9814-F8BA7C6677DA}.Release|Any CPU.ActiveCfg = Release|Any CPU
		{02386698-ABBD-4D41-9814-F8BA7C6677DA}.Release|Any CPU.Build.0 = Release|Any CPU
		{2786BD81-3F64-4727-9ADA-2639EB227F73}.Debug|Any CPU.ActiveCfg = Debug|Any CPU
		{2786BD81-3F64-4727-9ADA-2639EB227F73}.Debug|Any CPU.Build.0 = Debug|Any CPU
		{2786BD81-3F64-4727-9ADA-2639EB227F73}.Release|Any CPU.ActiveCfg = Release|Any CPU
		{2786BD81-3F64-4727-9ADA-2639EB227F73}.Release|Any CPU.Build.0 = Release|Any CPU
		{37FCDBB1-0A19-48FA-97EE-CAF107295EDD}.Debug|Any CPU.ActiveCfg = Debug|Any CPU
		{37FCDBB1-0A19-48FA-97EE-CAF107295EDD}.Debug|Any CPU.Build.0 = Debug|Any CPU
		{37FCDBB1-0A19-48FA-97EE-CAF107295EDD}.Release|Any CPU.ActiveCfg = Release|Any CPU
		{37FCDBB1-0A19-48FA-97EE-CAF107295EDD}.Release|Any CPU.Build.0 = Release|Any CPU
		{3EFD20C3-4500-4CC9-B231-86739794777A}.Debug|Any CPU.ActiveCfg = Debug|Any CPU
		{3EFD20C3-4500-4CC9-B231-86739794777A}.Debug|Any CPU.Build.0 = Debug|Any CPU
		{3EFD20C3-4500-4CC9-B231-86739794777A}.Release|Any CPU.ActiveCfg = Release|Any CPU
		{3EFD20C3-4500-4CC9-B231-86739794777A}.Release|Any CPU.Build.0 = Release|Any CPU
		{C90E8EAF-FBE9-4569-8E1B-3EE3D0C91FFE}.Debug|Any CPU.ActiveCfg = Debug|Any CPU
		{C90E8EAF-FBE9-4569-8E1B-3EE3D0C91FFE}.Debug|Any CPU.Build.0 = Debug|Any CPU
		{C90E8EAF-FBE9-4569-8E1B-3EE3D0C91FFE}.Release|Any CPU.ActiveCfg = Release|Any CPU
		{C90E8EAF-FBE9-4569-8E1B-3EE3D0C91FFE}.Release|Any CPU.Build.0 = Release|Any CPU
		{F3489EE6-FB1A-4741-80EA-FC1268879C5F}.Debug|Any CPU.ActiveCfg = Debug|Any CPU
		{F3489EE6-FB1A-4741-80EA-FC1268879C5F}.Debug|Any CPU.Build.0 = Debug|Any CPU
		{F3489EE6-FB1A-4741-80EA-FC1268879C5F}.Release|Any CPU.ActiveCfg = Release|Any CPU
		{F3489EE6-FB1A-4741-80EA-FC1268879C5F}.Release|Any CPU.Build.0 = Release|Any CPU
		{13DEDB16-D953-4CD0-BAAD-0D0BA1E5773F}.Debug|Any CPU.ActiveCfg = Debug|Any CPU
		{13DEDB16-D953-4CD0-BAAD-0D0BA1E5773F}.Debug|Any CPU.Build.0 = Debug|Any CPU
		{13DEDB16-D953-4CD0-BAAD-0D0BA1E5773F}.Release|Any CPU.ActiveCfg = Release|Any CPU
		{13DEDB16-D953-4CD0-BAAD-0D0BA1E5773F}.Release|Any CPU.Build.0 = Release|Any CPU
		{64152B43-6B4B-4325-9BA8-78BB433D85CB}.Debug|Any CPU.ActiveCfg = Debug|Any CPU
		{64152B43-6B4B-4325-9BA8-78BB433D85CB}.Debug|Any CPU.Build.0 = Debug|Any CPU
		{64152B43-6B4B-4325-9BA8-78BB433D85CB}.Release|Any CPU.ActiveCfg = Release|Any CPU
		{64152B43-6B4B-4325-9BA8-78BB433D85CB}.Release|Any CPU.Build.0 = Release|Any CPU
		{013DD9E3-CB2A-44E3-AEFE-15E3A606815E}.Debug|Any CPU.ActiveCfg = Debug|Any CPU
		{013DD9E3-CB2A-44E3-AEFE-15E3A606815E}.Debug|Any CPU.Build.0 = Debug|Any CPU
		{013DD9E3-CB2A-44E3-AEFE-15E3A606815E}.Release|Any CPU.ActiveCfg = Release|Any CPU
		{013DD9E3-CB2A-44E3-AEFE-15E3A606815E}.Release|Any CPU.Build.0 = Release|Any CPU
		{5BF7CDCA-0B72-455F-B1DA-9B5B9B96BA0D}.Debug|Any CPU.ActiveCfg = Debug|Any CPU
		{5BF7CDCA-0B72-455F-B1DA-9B5B9B96BA0D}.Debug|Any CPU.Build.0 = Debug|Any CPU
		{5BF7CDCA-0B72-455F-B1DA-9B5B9B96BA0D}.Release|Any CPU.ActiveCfg = Release|Any CPU
		{5BF7CDCA-0B72-455F-B1DA-9B5B9B96BA0D}.Release|Any CPU.Build.0 = Release|Any CPU
		{246DCD31-6BD9-40D3-BF80-B5DDE6373F4F}.Debug|Any CPU.ActiveCfg = Debug|Any CPU
		{246DCD31-6BD9-40D3-BF80-B5DDE6373F4F}.Debug|Any CPU.Build.0 = Debug|Any CPU
		{246DCD31-6BD9-40D3-BF80-B5DDE6373F4F}.Release|Any CPU.ActiveCfg = Release|Any CPU
		{246DCD31-6BD9-40D3-BF80-B5DDE6373F4F}.Release|Any CPU.Build.0 = Release|Any CPU
		{0DD9D54F-479B-4EEE-BBA7-DE02E4F05158}.Debug|Any CPU.ActiveCfg = Debug|Any CPU
		{0DD9D54F-479B-4EEE-BBA7-DE02E4F05158}.Debug|Any CPU.Build.0 = Debug|Any CPU
		{0DD9D54F-479B-4EEE-BBA7-DE02E4F05158}.Release|Any CPU.ActiveCfg = Release|Any CPU
		{0DD9D54F-479B-4EEE-BBA7-DE02E4F05158}.Release|Any CPU.Build.0 = Release|Any CPU
		{0986C7C1-CC61-4933-9D14-FA1BD02722FD}.Debug|Any CPU.ActiveCfg = Debug|Any CPU
		{0986C7C1-CC61-4933-9D14-FA1BD02722FD}.Debug|Any CPU.Build.0 = Debug|Any CPU
		{0986C7C1-CC61-4933-9D14-FA1BD02722FD}.Release|Any CPU.ActiveCfg = Release|Any CPU
		{0986C7C1-CC61-4933-9D14-FA1BD02722FD}.Release|Any CPU.Build.0 = Release|Any CPU
		{42957FAA-59BF-43A3-BC88-12B5FB73A40F}.Debug|Any CPU.ActiveCfg = Debug|Any CPU
		{42957FAA-59BF-43A3-BC88-12B5FB73A40F}.Debug|Any CPU.Build.0 = Debug|Any CPU
		{42957FAA-59BF-43A3-BC88-12B5FB73A40F}.Release|Any CPU.ActiveCfg = Release|Any CPU
		{42957FAA-59BF-43A3-BC88-12B5FB73A40F}.Release|Any CPU.Build.0 = Release|Any CPU
		{123499A7-B709-47E2-8D93-6D05F2DA0EE1}.Debug|Any CPU.ActiveCfg = Debug|Any CPU
		{123499A7-B709-47E2-8D93-6D05F2DA0EE1}.Debug|Any CPU.Build.0 = Debug|Any CPU
		{123499A7-B709-47E2-8D93-6D05F2DA0EE1}.Release|Any CPU.ActiveCfg = Release|Any CPU
		{123499A7-B709-47E2-8D93-6D05F2DA0EE1}.Release|Any CPU.Build.0 = Release|Any CPU
		{B27AE50B-E42A-490E-9F31-B814077016A4}.Debug|Any CPU.ActiveCfg = Debug|Any CPU
		{B27AE50B-E42A-490E-9F31-B814077016A4}.Debug|Any CPU.Build.0 = Debug|Any CPU
		{B27AE50B-E42A-490E-9F31-B814077016A4}.Release|Any CPU.ActiveCfg = Release|Any CPU
		{B27AE50B-E42A-490E-9F31-B814077016A4}.Release|Any CPU.Build.0 = Release|Any CPU
		{B7C21EC7-79F9-4E82-8530-0ECE5472AFA2}.Debug|Any CPU.ActiveCfg = Debug|Any CPU
		{B7C21EC7-79F9-4E82-8530-0ECE5472AFA2}.Debug|Any CPU.Build.0 = Debug|Any CPU
		{B7C21EC7-79F9-4E82-8530-0ECE5472AFA2}.Release|Any CPU.ActiveCfg = Release|Any CPU
		{B7C21EC7-79F9-4E82-8530-0ECE5472AFA2}.Release|Any CPU.Build.0 = Release|Any CPU
		{106E9984-C5A4-4B82-8703-BA45EB578593}.Debug|Any CPU.ActiveCfg = Debug|Any CPU
		{106E9984-C5A4-4B82-8703-BA45EB578593}.Debug|Any CPU.Build.0 = Debug|Any CPU
		{106E9984-C5A4-4B82-8703-BA45EB578593}.Release|Any CPU.ActiveCfg = Release|Any CPU
		{106E9984-C5A4-4B82-8703-BA45EB578593}.Release|Any CPU.Build.0 = Release|Any CPU
		{0E87A8F6-E3C8-4829-A83D-B48F08636063}.Debug|Any CPU.ActiveCfg = Debug|Any CPU
		{0E87A8F6-E3C8-4829-A83D-B48F08636063}.Debug|Any CPU.Build.0 = Debug|Any CPU
		{0E87A8F6-E3C8-4829-A83D-B48F08636063}.Release|Any CPU.ActiveCfg = Release|Any CPU
		{0E87A8F6-E3C8-4829-A83D-B48F08636063}.Release|Any CPU.Build.0 = Release|Any CPU
	EndGlobalSection
	GlobalSection(SolutionProperties) = preSolution
		HideSolutionNode = FALSE
	EndGlobalSection
	GlobalSection(NestedProjects) = preSolution
		{64152B43-6B4B-4325-9BA8-78BB433D85CB} = {19840DC0-5801-48A9-B556-8763CE22CE0C}
		{013DD9E3-CB2A-44E3-AEFE-15E3A606815E} = {19840DC0-5801-48A9-B556-8763CE22CE0C}
		{5BF7CDCA-0B72-455F-B1DA-9B5B9B96BA0D} = {19840DC0-5801-48A9-B556-8763CE22CE0C}
		{246DCD31-6BD9-40D3-BF80-B5DDE6373F4F} = {19840DC0-5801-48A9-B556-8763CE22CE0C}
		{0DD9D54F-479B-4EEE-BBA7-DE02E4F05158} = {19840DC0-5801-48A9-B556-8763CE22CE0C}
		{C83B513C-7D81-445A-9A1B-FAEBE62701C4} = {2B6F54DD-F38B-4195-9E38-F146F395F9A7}
		{1B6B6E6A-C867-416C-9892-144E7E1B2676} = {2B6F54DD-F38B-4195-9E38-F146F395F9A7}
		{0986C7C1-CC61-4933-9D14-FA1BD02722FD} = {C83B513C-7D81-445A-9A1B-FAEBE62701C4}
		{42957FAA-59BF-43A3-BC88-12B5FB73A40F} = {C83B513C-7D81-445A-9A1B-FAEBE62701C4}
		{123499A7-B709-47E2-8D93-6D05F2DA0EE1} = {C83B513C-7D81-445A-9A1B-FAEBE62701C4}
		{B27AE50B-E42A-490E-9F31-B814077016A4} = {1B6B6E6A-C867-416C-9892-144E7E1B2676}
		{B7C21EC7-79F9-4E82-8530-0ECE5472AFA2} = {C83B513C-7D81-445A-9A1B-FAEBE62701C4}
		{106E9984-C5A4-4B82-8703-BA45EB578593} = {C83B513C-7D81-445A-9A1B-FAEBE62701C4}
		{D681B98D-21AC-413A-9719-5E89537CBBFF} = {2B6F54DD-F38B-4195-9E38-F146F395F9A7}
		{0E87A8F6-E3C8-4829-A83D-B48F08636063} = {D681B98D-21AC-413A-9719-5E89537CBBFF}
	EndGlobalSection
	GlobalSection(ExtensibilityGlobals) = postSolution
		SolutionGuid = {C3454FBB-E9D1-42BA-9DD8-4697DD5D148C}
	EndGlobalSection
EndGlobal
